// !$*UTF8*$!
{
	archiveVersion = 1;
	classes = {
	};
	objectVersion = 46;
	objects = {

/* Begin PBXBuildFile section */
		352F129D1F2AE7790096F676 /* main.m in Sources */ = {isa = PBXBuildFile; fileRef = 352F129C1F2AE7790096F676 /* main.m */; };
		352F12A01F2AE7790096F676 /* AppDelegate.m in Sources */ = {isa = PBXBuildFile; fileRef = 352F129F1F2AE7790096F676 /* AppDelegate.m */; };
		352F12A31F2AE7790096F676 /* ViewController.m in Sources */ = {isa = PBXBuildFile; fileRef = 352F12A21F2AE7790096F676 /* ViewController.m */; };
		352F12A61F2AE7790096F676 /* Main.storyboard in Resources */ = {isa = PBXBuildFile; fileRef = 352F12A41F2AE7790096F676 /* Main.storyboard */; };
		352F12A81F2AE7790096F676 /* Assets.xcassets in Resources */ = {isa = PBXBuildFile; fileRef = 352F12A71F2AE7790096F676 /* Assets.xcassets */; };
		352F12AB1F2AE7790096F676 /* LaunchScreen.storyboard in Resources */ = {isa = PBXBuildFile; fileRef = 352F12A91F2AE7790096F676 /* LaunchScreen.storyboard */; };
		35F11B5A1F2DCC7B00E24D20 /* DWAddressBook.m in Sources */ = {isa = PBXBuildFile; fileRef = 35F11B4D1F2DCC7B00E24D20 /* DWAddressBook.m */; };
		35F11B5B1F2DCC7B00E24D20 /* DWContactController.m in Sources */ = {isa = PBXBuildFile; fileRef = 35F11B4F1F2DCC7B00E24D20 /* DWContactController.m */; };
		35F11B5C1F2DCC7B00E24D20 /* DWNumberView.m in Sources */ = {isa = PBXBuildFile; fileRef = 35F11B511F2DCC7B00E24D20 /* DWNumberView.m */; };
		35F11B5D1F2DCC7B00E24D20 /* PPAddressBookHandle.m in Sources */ = {isa = PBXBuildFile; fileRef = 35F11B531F2DCC7B00E24D20 /* PPAddressBookHandle.m */; };
		35F11B5E1F2DCC7B00E24D20 /* PPGetAddressBook.m in Sources */ = {isa = PBXBuildFile; fileRef = 35F11B551F2DCC7B00E24D20 /* PPGetAddressBook.m */; };
		35F11B5F1F2DCC7B00E24D20 /* PPPersonModel.m in Sources */ = {isa = PBXBuildFile; fileRef = 35F11B571F2DCC7B00E24D20 /* PPPersonModel.m */; };
		35F11B621F2DCE0E00E24D20 /* AddressBook.framework in Frameworks */ = {isa = PBXBuildFile; fileRef = 35F11B611F2DCE0E00E24D20 /* AddressBook.framework */; };
		35F11B641F2DCE3B00E24D20 /* UIKit.framework in Frameworks */ = {isa = PBXBuildFile; fileRef = 35F11B631F2DCE3B00E24D20 /* UIKit.framework */; };
		35F11B661F2DCE4100E24D20 /* Foundation.framework in Frameworks */ = {isa = PBXBuildFile; fileRef = 35F11B651F2DCE4100E24D20 /* Foundation.framework */; };
		35F11B8D1F2DD35D00E24D20 /* resources.bundle in Resources */ = {isa = PBXBuildFile; fileRef = 35F11B8C1F2DD35D00E24D20 /* resources.bundle */; };
/* End PBXBuildFile section */

/* Begin PBXFileReference section */
		352F12981F2AE7790096F676 /* DWAddressBookDemo.app */ = {isa = PBXFileReference; explicitFileType = wrapper.application; includeInIndex = 0; path = DWAddressBookDemo.app; sourceTree = BUILT_PRODUCTS_DIR; };
		352F129C1F2AE7790096F676 /* main.m */ = {isa = PBXFileReference; lastKnownFileType = sourcecode.c.objc; path = main.m; sourceTree = "<group>"; };
		352F129E1F2AE7790096F676 /* AppDelegate.h */ = {isa = PBXFileReference; lastKnownFileType = sourcecode.c.h; path = AppDelegate.h; sourceTree = "<group>"; };
		352F129F1F2AE7790096F676 /* AppDelegate.m */ = {isa = PBXFileReference; lastKnownFileType = sourcecode.c.objc; path = AppDelegate.m; sourceTree = "<group>"; };
		352F12A11F2AE7790096F676 /* ViewController.h */ = {isa = PBXFileReference; lastKnownFileType = sourcecode.c.h; path = ViewController.h; sourceTree = "<group>"; };
		352F12A21F2AE7790096F676 /* ViewController.m */ = {isa = PBXFileReference; lastKnownFileType = sourcecode.c.objc; path = ViewController.m; sourceTree = "<group>"; };
		352F12A51F2AE7790096F676 /* Base */ = {isa = PBXFileReference; lastKnownFileType = file.storyboard; name = Base; path = Base.lproj/Main.storyboard; sourceTree = "<group>"; };
		352F12A71F2AE7790096F676 /* Assets.xcassets */ = {isa = PBXFileReference; lastKnownFileType = folder.assetcatalog; path = Assets.xcassets; sourceTree = "<group>"; };
		352F12AA1F2AE7790096F676 /* Base */ = {isa = PBXFileReference; lastKnownFileType = file.storyboard; name = Base; path = Base.lproj/LaunchScreen.storyboard; sourceTree = "<group>"; };
		352F12AC1F2AE7790096F676 /* Info.plist */ = {isa = PBXFileReference; lastKnownFileType = text.plist.xml; path = Info.plist; sourceTree = "<group>"; };
		35F11B4C1F2DCC7B00E24D20 /* DWAddressBook.h */ = {isa = PBXFileReference; fileEncoding = 4; lastKnownFileType = sourcecode.c.h; path = DWAddressBook.h; sourceTree = "<group>"; };
		35F11B4D1F2DCC7B00E24D20 /* DWAddressBook.m */ = {isa = PBXFileReference; fileEncoding = 4; lastKnownFileType = sourcecode.c.objc; path = DWAddressBook.m; sourceTree = "<group>"; };
		35F11B4E1F2DCC7B00E24D20 /* DWContactController.h */ = {isa = PBXFileReference; fileEncoding = 4; lastKnownFileType = sourcecode.c.h; path = DWContactController.h; sourceTree = "<group>"; };
		35F11B4F1F2DCC7B00E24D20 /* DWContactController.m */ = {isa = PBXFileReference; fileEncoding = 4; lastKnownFileType = sourcecode.c.objc; path = DWContactController.m; sourceTree = "<group>"; };
		35F11B501F2DCC7B00E24D20 /* DWNumberView.h */ = {isa = PBXFileReference; fileEncoding = 4; lastKnownFileType = sourcecode.c.h; path = DWNumberView.h; sourceTree = "<group>"; };
		35F11B511F2DCC7B00E24D20 /* DWNumberView.m */ = {isa = PBXFileReference; fileEncoding = 4; lastKnownFileType = sourcecode.c.objc; path = DWNumberView.m; sourceTree = "<group>"; };
		35F11B521F2DCC7B00E24D20 /* PPAddressBookHandle.h */ = {isa = PBXFileReference; fileEncoding = 4; lastKnownFileType = sourcecode.c.h; path = PPAddressBookHandle.h; sourceTree = "<group>"; };
		35F11B531F2DCC7B00E24D20 /* PPAddressBookHandle.m */ = {isa = PBXFileReference; fileEncoding = 4; lastKnownFileType = sourcecode.c.objc; path = PPAddressBookHandle.m; sourceTree = "<group>"; };
		35F11B541F2DCC7B00E24D20 /* PPGetAddressBook.h */ = {isa = PBXFileReference; fileEncoding = 4; lastKnownFileType = sourcecode.c.h; path = PPGetAddressBook.h; sourceTree = "<group>"; };
		35F11B551F2DCC7B00E24D20 /* PPGetAddressBook.m */ = {isa = PBXFileReference; fileEncoding = 4; lastKnownFileType = sourcecode.c.objc; path = PPGetAddressBook.m; sourceTree = "<group>"; };
		35F11B561F2DCC7B00E24D20 /* PPPersonModel.h */ = {isa = PBXFileReference; fileEncoding = 4; lastKnownFileType = sourcecode.c.h; path = PPPersonModel.h; sourceTree = "<group>"; };
		35F11B571F2DCC7B00E24D20 /* PPPersonModel.m */ = {isa = PBXFileReference; fileEncoding = 4; lastKnownFileType = sourcecode.c.objc; path = PPPersonModel.m; sourceTree = "<group>"; };
		35F11B581F2DCC7B00E24D20 /* PPSingleton.h */ = {isa = PBXFileReference; fileEncoding = 4; lastKnownFileType = sourcecode.c.h; path = PPSingleton.h; sourceTree = "<group>"; };
		35F11B611F2DCE0E00E24D20 /* AddressBook.framework */ = {isa = PBXFileReference; lastKnownFileType = wrapper.framework; name = AddressBook.framework; path = System/Library/Frameworks/AddressBook.framework; sourceTree = SDKROOT; };
		35F11B631F2DCE3B00E24D20 /* UIKit.framework */ = {isa = PBXFileReference; lastKnownFileType = wrapper.framework; name = UIKit.framework; path = System/Library/Frameworks/UIKit.framework; sourceTree = SDKROOT; };
		35F11B651F2DCE4100E24D20 /* Foundation.framework */ = {isa = PBXFileReference; lastKnownFileType = wrapper.framework; name = Foundation.framework; path = System/Library/Frameworks/Foundation.framework; sourceTree = SDKROOT; };
		35F11B8C1F2DD35D00E24D20 /* resources.bundle */ = {isa = PBXFileReference; lastKnownFileType = "wrapper.plug-in"; path = resources.bundle; sourceTree = "<group>"; };
/* End PBXFileReference section */

/* Begin PBXFrameworksBuildPhase section */
		352F12951F2AE7790096F676 /* Frameworks */ = {
			isa = PBXFrameworksBuildPhase;
			buildActionMask = 2147483647;
			files = (
				35F11B661F2DCE4100E24D20 /* Foundation.framework in Frameworks */,
				35F11B641F2DCE3B00E24D20 /* UIKit.framework in Frameworks */,
				35F11B621F2DCE0E00E24D20 /* AddressBook.framework in Frameworks */,
			);
			runOnlyForDeploymentPostprocessing = 0;
		};
/* End PBXFrameworksBuildPhase section */

/* Begin PBXGroup section */
		352F128F1F2AE7790096F676 = {
			isa = PBXGroup;
			children = (
				352F129A1F2AE7790096F676 /* DWAddressBookDemo */,
				352F12991F2AE7790096F676 /* Products */,
				35F11B601F2DCE0D00E24D20 /* Frameworks */,
			);
			sourceTree = "<group>";
		};
		352F12991F2AE7790096F676 /* Products */ = {
			isa = PBXGroup;
			children = (
				352F12981F2AE7790096F676 /* DWAddressBookDemo.app */,
			);
			name = Products;
			sourceTree = "<group>";
		};
		352F129A1F2AE7790096F676 /* DWAddressBookDemo */ = {
			isa = PBXGroup;
			children = (
				35F11B4A1F2DCC7B00E24D20 /* DWAddressBook */,
				352F129E1F2AE7790096F676 /* AppDelegate.h */,
				352F129F1F2AE7790096F676 /* AppDelegate.m */,
				352F12A11F2AE7790096F676 /* ViewController.h */,
				352F12A21F2AE7790096F676 /* ViewController.m */,
				352F12A41F2AE7790096F676 /* Main.storyboard */,
				352F12A71F2AE7790096F676 /* Assets.xcassets */,
				352F12A91F2AE7790096F676 /* LaunchScreen.storyboard */,
				352F12AC1F2AE7790096F676 /* Info.plist */,
				352F129B1F2AE7790096F676 /* Supporting Files */,
			);
			path = DWAddressBookDemo;
			sourceTree = "<group>";
		};
		352F129B1F2AE7790096F676 /* Supporting Files */ = {
			isa = PBXGroup;
			children = (
				352F129C1F2AE7790096F676 /* main.m */,
			);
			name = "Supporting Files";
			sourceTree = "<group>";
		};
		35F11B4A1F2DCC7B00E24D20 /* DWAddressBook */ = {
			isa = PBXGroup;
			children = (
				35F11B8C1F2DD35D00E24D20 /* resources.bundle */,
				35F11B4C1F2DCC7B00E24D20 /* DWAddressBook.h */,
				35F11B4D1F2DCC7B00E24D20 /* DWAddressBook.m */,
				35F11B4E1F2DCC7B00E24D20 /* DWContactController.h */,
				35F11B4F1F2DCC7B00E24D20 /* DWContactController.m */,
				35F11B501F2DCC7B00E24D20 /* DWNumberView.h */,
				35F11B511F2DCC7B00E24D20 /* DWNumberView.m */,
				35F11B521F2DCC7B00E24D20 /* PPAddressBookHandle.h */,
				35F11B531F2DCC7B00E24D20 /* PPAddressBookHandle.m */,
				35F11B541F2DCC7B00E24D20 /* PPGetAddressBook.h */,
				35F11B551F2DCC7B00E24D20 /* PPGetAddressBook.m */,
				35F11B561F2DCC7B00E24D20 /* PPPersonModel.h */,
				35F11B571F2DCC7B00E24D20 /* PPPersonModel.m */,
				35F11B581F2DCC7B00E24D20 /* PPSingleton.h */,
			);
			path = DWAddressBook;
			sourceTree = SOURCE_ROOT;
		};
		35F11B601F2DCE0D00E24D20 /* Frameworks */ = {
			isa = PBXGroup;
			children = (
				35F11B651F2DCE4100E24D20 /* Foundation.framework */,
				35F11B631F2DCE3B00E24D20 /* UIKit.framework */,
				35F11B611F2DCE0E00E24D20 /* AddressBook.framework */,
			);
			name = Frameworks;
			sourceTree = "<group>";
		};
/* End PBXGroup section */

/* Begin PBXNativeTarget section */
		352F12971F2AE7790096F676 /* DWAddressBookDemo */ = {
			isa = PBXNativeTarget;
			buildConfigurationList = 352F12AF1F2AE7790096F676 /* Build configuration list for PBXNativeTarget "DWAddressBookDemo" */;
			buildPhases = (
				352F12941F2AE7790096F676 /* Sources */,
				352F12951F2AE7790096F676 /* Frameworks */,
				352F12961F2AE7790096F676 /* Resources */,
			);
			buildRules = (
			);
			dependencies = (
			);
			name = DWAddressBookDemo;
			productName = DWAddressBookDemo;
			productReference = 352F12981F2AE7790096F676 /* DWAddressBookDemo.app */;
			productType = "com.apple.product-type.application";
		};
/* End PBXNativeTarget section */

/* Begin PBXProject section */
		352F12901F2AE7790096F676 /* Project object */ = {
			isa = PBXProject;
			attributes = {
				LastUpgradeCheck = 0830;
				ORGANIZATIONNAME = dwang;
				TargetAttributes = {
					352F12971F2AE7790096F676 = {
						CreatedOnToolsVersion = 8.3.3;
						DevelopmentTeam = A29G325F62;
						ProvisioningStyle = Automatic;
					};
				};
			};
			buildConfigurationList = 352F12931F2AE7790096F676 /* Build configuration list for PBXProject "DWAddressBookDemo" */;
			compatibilityVersion = "Xcode 3.2";
			developmentRegion = English;
			hasScannedForEncodings = 0;
			knownRegions = (
				en,
				Base,
			);
			mainGroup = 352F128F1F2AE7790096F676;
			productRefGroup = 352F12991F2AE7790096F676 /* Products */;
			projectDirPath = "";
			projectRoot = "";
			targets = (
				352F12971F2AE7790096F676 /* DWAddressBookDemo */,
			);
		};
/* End PBXProject section */

/* Begin PBXResourcesBuildPhase section */
		352F12961F2AE7790096F676 /* Resources */ = {
			isa = PBXResourcesBuildPhase;
			buildActionMask = 2147483647;
			files = (
				352F12AB1F2AE7790096F676 /* LaunchScreen.storyboard in Resources */,
				352F12A81F2AE7790096F676 /* Assets.xcassets in Resources */,
				352F12A61F2AE7790096F676 /* Main.storyboard in Resources */,
				35F11B8D1F2DD35D00E24D20 /* resources.bundle in Resources */,
			);
			runOnlyForDeploymentPostprocessing = 0;
		};
/* End PBXResourcesBuildPhase section */

/* Begin PBXSourcesBuildPhase section */
		352F12941F2AE7790096F676 /* Sources */ = {
			isa = PBXSourcesBuildPhase;
			buildActionMask = 2147483647;
			files = (
				35F11B5F1F2DCC7B00E24D20 /* PPPersonModel.m in Sources */,
				352F12A31F2AE7790096F676 /* ViewController.m in Sources */,
				352F12A01F2AE7790096F676 /* AppDelegate.m in Sources */,
				35F11B5C1F2DCC7B00E24D20 /* DWNumberView.m in Sources */,
				35F11B5B1F2DCC7B00E24D20 /* DWContactController.m in Sources */,
				35F11B5A1F2DCC7B00E24D20 /* DWAddressBook.m in Sources */,
				35F11B5D1F2DCC7B00E24D20 /* PPAddressBookHandle.m in Sources */,
				35F11B5E1F2DCC7B00E24D20 /* PPGetAddressBook.m in Sources */,
				352F129D1F2AE7790096F676 /* main.m in Sources */,
			);
			runOnlyForDeploymentPostprocessing = 0;
		};
/* End PBXSourcesBuildPhase section */

/* Begin PBXVariantGroup section */
		352F12A41F2AE7790096F676 /* Main.storyboard */ = {
			isa = PBXVariantGroup;
			children = (
				352F12A51F2AE7790096F676 /* Base */,
			);
			name = Main.storyboard;
			sourceTree = "<group>";
		};
		352F12A91F2AE7790096F676 /* LaunchScreen.storyboard */ = {
			isa = PBXVariantGroup;
			children = (
				352F12AA1F2AE7790096F676 /* Base */,
			);
			name = LaunchScreen.storyboard;
			sourceTree = "<group>";
		};
/* End PBXVariantGroup section */

/* Begin XCBuildConfiguration section */
		352F12AD1F2AE7790096F676 /* Debug */ = {
			isa = XCBuildConfiguration;
			buildSettings = {
				ALWAYS_SEARCH_USER_PATHS = NO;
				CLANG_ANALYZER_NONNULL = YES;
				CLANG_ANALYZER_NUMBER_OBJECT_CONVERSION = YES_AGGRESSIVE;
				CLANG_CXX_LANGUAGE_STANDARD = "gnu++0x";
				CLANG_CXX_LIBRARY = "libc++";
				CLANG_ENABLE_MODULES = YES;
				CLANG_ENABLE_OBJC_ARC = YES;
				CLANG_WARN_BOOL_CONVERSION = YES;
				CLANG_WARN_CONSTANT_CONVERSION = YES;
				CLANG_WARN_DIRECT_OBJC_ISA_USAGE = YES_ERROR;
				CLANG_WARN_DOCUMENTATION_COMMENTS = YES;
				CLANG_WARN_EMPTY_BODY = YES;
				CLANG_WARN_ENUM_CONVERSION = YES;
				CLANG_WARN_INFINITE_RECURSION = YES;
				CLANG_WARN_INT_CONVERSION = YES;
				CLANG_WARN_OBJC_ROOT_CLASS = YES_ERROR;
				CLANG_WARN_SUSPICIOUS_MOVE = YES;
				CLANG_WARN_UNREACHABLE_CODE = YES;
				CLANG_WARN__DUPLICATE_METHOD_MATCH = YES;
				"CODE_SIGN_IDENTITY[sdk=iphoneos*]" = "iPhone Developer";
				COPY_PHASE_STRIP = NO;
				DEBUG_INFORMATION_FORMAT = dwarf;
				ENABLE_STRICT_OBJC_MSGSEND = YES;
				ENABLE_TESTABILITY = YES;
				GCC_C_LANGUAGE_STANDARD = gnu99;
				GCC_DYNAMIC_NO_PIC = NO;
				GCC_NO_COMMON_BLOCKS = YES;
				GCC_OPTIMIZATION_LEVEL = 0;
				GCC_PREPROCESSOR_DEFINITIONS = (
					"DEBUG=1",
					"$(inherited)",
				);
				GCC_WARN_64_TO_32_BIT_CONVERSION = YES;
				GCC_WARN_ABOUT_RETURN_TYPE = YES_ERROR;
				GCC_WARN_UNDECLARED_SELECTOR = YES;
				GCC_WARN_UNINITIALIZED_AUTOS = YES_AGGRESSIVE;
				GCC_WARN_UNUSED_FUNCTION = YES;
				GCC_WARN_UNUSED_VARIABLE = YES;
				IPHONEOS_DEPLOYMENT_TARGET = 10.3;
				MTL_ENABLE_DEBUG_INFO = YES;
				ONLY_ACTIVE_ARCH = YES;
				SDKROOT = iphoneos;
				TARGETED_DEVICE_FAMILY = "1,2";
			};
			name = Debug;
		};
		352F12AE1F2AE7790096F676 /* Release */ = {
			isa = XCBuildConfiguration;
			buildSettings = {
				ALWAYS_SEARCH_USER_PATHS = NO;
				CLANG_ANALYZER_NONNULL = YES;
				CLANG_ANALYZER_NUMBER_OBJECT_CONVERSION = YES_AGGRESSIVE;
				CLANG_CXX_LANGUAGE_STANDARD = "gnu++0x";
				CLANG_CXX_LIBRARY = "libc++";
				CLANG_ENABLE_MODULES = YES;
				CLANG_ENABLE_OBJC_ARC = YES;
				CLANG_WARN_BOOL_CONVERSION = YES;
				CLANG_WARN_CONSTANT_CONVERSION = YES;
				CLANG_WARN_DIRECT_OBJC_ISA_USAGE = YES_ERROR;
				CLANG_WARN_DOCUMENTATION_COMMENTS = YES;
				CLANG_WARN_EMPTY_BODY = YES;
				CLANG_WARN_ENUM_CONVERSION = YES;
				CLANG_WARN_INFINITE_RECURSION = YES;
				CLANG_WARN_INT_CONVERSION = YES;
				CLANG_WARN_OBJC_ROOT_CLASS = YES_ERROR;
				CLANG_WARN_SUSPICIOUS_MOVE = YES;
				CLANG_WARN_UNREACHABLE_CODE = YES;
				CLANG_WARN__DUPLICATE_METHOD_MATCH = YES;
				"CODE_SIGN_IDENTITY[sdk=iphoneos*]" = "iPhone Developer";
				COPY_PHASE_STRIP = NO;
				DEBUG_INFORMATION_FORMAT = "dwarf-with-dsym";
				ENABLE_NS_ASSERTIONS = NO;
				ENABLE_STRICT_OBJC_MSGSEND = YES;
				GCC_C_LANGUAGE_STANDARD = gnu99;
				GCC_NO_COMMON_BLOCKS = YES;
				GCC_WARN_64_TO_32_BIT_CONVERSION = YES;
				GCC_WARN_ABOUT_RETURN_TYPE = YES_ERROR;
				GCC_WARN_UNDECLARED_SELECTOR = YES;
				GCC_WARN_UNINITIALIZED_AUTOS = YES_AGGRESSIVE;
				GCC_WARN_UNUSED_FUNCTION = YES;
				GCC_WARN_UNUSED_VARIABLE = YES;
				IPHONEOS_DEPLOYMENT_TARGET = 10.3;
				MTL_ENABLE_DEBUG_INFO = NO;
				SDKROOT = iphoneos;
				TARGETED_DEVICE_FAMILY = "1,2";
				VALIDATE_PRODUCT = YES;
			};
			name = Release;
		};
		352F12B01F2AE7790096F676 /* Debug */ = {
			isa = XCBuildConfiguration;
			buildSettings = {
				ASSETCATALOG_COMPILER_APPICON_NAME = AppIcon;
				DEVELOPMENT_TEAM = A29G325F62;
				INFOPLIST_FILE = DWAddressBookDemo/Info.plist;
				IPHONEOS_DEPLOYMENT_TARGET = 8.0;
				LD_RUNPATH_SEARCH_PATHS = "$(inherited) @executable_path/Frameworks";
				PRODUCT_BUNDLE_IDENTIFIER = vip.dwang.DWAddressBookDemo;
				PRODUCT_NAME = "$(TARGET_NAME)";
			};
			name = Debug;
		};
		352F12B11F2AE7790096F676 /* Release */ = {
			isa = XCBuildConfiguration;
			buildSettings = {
				ASSETCATALOG_COMPILER_APPICON_NAME = AppIcon;
				DEVELOPMENT_TEAM = A29G325F62;
				INFOPLIST_FILE = DWAddressBookDemo/Info.plist;
				IPHONEOS_DEPLOYMENT_TARGET = 8.0;
				LD_RUNPATH_SEARCH_PATHS = "$(inherited) @executable_path/Frameworks";
				PRODUCT_BUNDLE_IDENTIFIER = vip.dwang.DWAddressBookDemo;
				PRODUCT_NAME = "$(TARGET_NAME)";
			};
			name = Release;
		};
/* End XCBuildConfiguration section */

/* Begin XCConfigurationList section */
		352F12931F2AE7790096F676 /* Build configuration list for PBXProject "DWAddressBookDemo" */ = {
			isa = XCConfigurationList;
			buildConfigurations = (
				352F12AD1F2AE7790096F676 /* Debug */,
				352F12AE1F2AE7790096F676 /* Release */,
			);
			defaultConfigurationIsVisible = 0;
			defaultConfigurationName = Release;
		};
		352F12AF1F2AE7790096F676 /* Build configuration list for PBXNativeTarget "DWAddressBookDemo" */ = {
			isa = XCConfigurationList;
			buildConfigurations = (
				352F12B01F2AE7790096F676 /* Debug */,
				352F12B11F2AE7790096F676 /* Release */,
			);
			defaultConfigurationIsVisible = 0;
			defaultConfigurationName = Release;
		};
/* End XCConfigurationList section */
	};
	rootObject = 352F12901F2AE7790096F676 /* Project object */;
}
